PODS:
  - CactusComponents (0.0.1)

DEPENDENCIES:
  - CactusComponents (from `/Users/brianmasse/Developer/Xcode/Cactus/CactusComponents`)

EXTERNAL SOURCES:
  CactusComponents:
    :path: "/Users/brianmasse/Developer/Xcode/Cactus/CactusComponents"

SPEC CHECKSUMS:
  CactusComponents: c1f8d7192e800d971858d7e5499a48221370bfa9

PODFILE CHECKSUM: 04f5e188058d3dac4828a8fa8f544b7a47f8802f

COCOAPODS: 1.15.2
